// !$*UTF8*$!
{
	archiveVersion = 1;
	classes = {
	};
	objectVersion = 77;
	objects = {

/* Begin PBXBuildFile section */
		A00000000000000000000001 /* GeoPracticeApp.swift in Sources */ = {isa = PBXBuildFile; fileRef = B00000000000000000000001 /* GeoPracticeApp.swift */; };
		A00000000000000000000002 /* MetronomePreset.swift in Sources */ = {isa = PBXBuildFile; fileRef = B00000000000000000000002 /* MetronomePreset.swift */; };
		A00000000000000000000003 /* PracticeEvent.swift in Sources */ = {isa = PBXBuildFile; fileRef = B00000000000000000000003 /* PracticeEvent.swift */; };
		A00000000000000000000004 /* MetronomeEngine.swift in Sources */ = {isa = PBXBuildFile; fileRef = B00000000000000000000004 /* MetronomeEngine.swift */; };
		A00000000000000000000005 /* Components.swift in Sources */ = {isa = PBXBuildFile; fileRef = B00000000000000000000005 /* Components.swift */; };
		A00000000000000000000006 /* RootView.swift in Sources */ = {isa = PBXBuildFile; fileRef = B00000000000000000000006 /* RootView.swift */; };
		A00000000000000000000007 /* MetronomeView.swift in Sources */ = {isa = PBXBuildFile; fileRef = B00000000000000000000007 /* MetronomeView.swift */; };
		A00000000000000000000008 /* PracticeEventsView.swift in Sources */ = {isa = PBXBuildFile; fileRef = B00000000000000000000008 /* PracticeEventsView.swift */; };
		A00000000000000000000009 /* EventEditorView.swift in Sources */ = {isa = PBXBuildFile; fileRef = B00000000000000000000009 /* EventEditorView.swift */; };
		A0000000000000000000000A /* MetronomePresetTests.swift in Sources */ = {isa = PBXBuildFile; fileRef = B0000000000000000000000A /* MetronomePresetTests.swift */; };
		A0000000000000000000000B /* Assets.xcassets in Resources */ = {isa = PBXBuildFile; fileRef = B0000000000000000000000D /* Assets.xcassets */; };
		A0000000000000000000000C /* PracticeSession.swift in Sources */ = {isa = PBXBuildFile; fileRef = B0000000000000000000000E /* PracticeSession.swift */; };
		A0000000000000000000000D /* PrivacyInfo.xcprivacy in Resources */ = {isa = PBXBuildFile; fileRef = B0000000000000000000000F /* PrivacyInfo.xcprivacy */; };
		A0000000000000000000000E /* BeatVisualLifecycle.swift in Sources */ = {isa = PBXBuildFile; fileRef = B00000000000000000000010 /* BeatVisualLifecycle.swift */; };
		A0000000000000000000000F /* LiquidControlComponents.swift in Sources */ = {isa = PBXBuildFile; fileRef = B00000000000000000000011 /* LiquidControlComponents.swift */; };
		A00000000000000000000010 /* BravuraText.otf in Resources */ = {isa = PBXBuildFile; fileRef = B00000000000000000000012 /* BravuraText.otf */; };
		A00000000000000000000011 /* PracticePreferences.swift in Sources */ = {isa = PBXBuildFile; fileRef = B00000000000000000000013 /* PracticePreferences.swift */; };
		A00000000000000000000012 /* PracticeAttempt.swift in Sources */ = {isa = PBXBuildFile; fileRef = B00000000000000000000015 /* PracticeAttempt.swift */; };
/* End PBXBuildFile section */

/* Begin PBXContainerItemProxy section */
		A10000000000000000000001 /* PBXContainerItemProxy */ = {
			isa = PBXContainerItemProxy;
			containerPortal = E00000000000000000000000 /* Project object */;
			proxyType = 1;
			remoteGlobalIDString = E00000000000000000000001;
			remoteInfo = GeoPractice;
		};
/* End PBXContainerItemProxy section */

/* Begin PBXFileReference section */
		B00000000000000000000001 /* GeoPracticeApp.swift */ = {isa = PBXFileReference; lastKnownFileType = sourcecode.swift; path = GeoPracticeApp.swift; sourceTree = "<group>"; };
		B00000000000000000000002 /* MetronomePreset.swift */ = {isa = PBXFileReference; lastKnownFileType = sourcecode.swift; path = MetronomePreset.swift; sourceTree = "<group>"; };
		B00000000000000000000003 /* PracticeEvent.swift */ = {isa = PBXFileReference; lastKnownFileType = sourcecode.swift; path = PracticeEvent.swift; sourceTree = "<group>"; };
		B00000000000000000000004 /* MetronomeEngine.swift */ = {isa = PBXFileReference; lastKnownFileType = sourcecode.swift; path = MetronomeEngine.swift; sourceTree = "<group>"; };
		B00000000000000000000005 /* Components.swift */ = {isa = PBXFileReference; lastKnownFileType = sourcecode.swift; path = Components.swift; sourceTree = "<group>"; };
		B00000000000000000000006 /* RootView.swift */ = {isa = PBXFileReference; lastKnownFileType = sourcecode.swift; path = RootView.swift; sourceTree = "<group>"; };
		B00000000000000000000007 /* MetronomeView.swift */ = {isa = PBXFileReference; lastKnownFileType = sourcecode.swift; path = MetronomeView.swift; sourceTree = "<group>"; };
		B00000000000000000000008 /* PracticeEventsView.swift */ = {isa = PBXFileReference; lastKnownFileType = sourcecode.swift; path = PracticeEventsView.swift; sourceTree = "<group>"; };
		B00000000000000000000009 /* EventEditorView.swift */ = {isa = PBXFileReference; lastKnownFileType = sourcecode.swift; path = EventEditorView.swift; sourceTree = "<group>"; };
		B0000000000000000000000A /* MetronomePresetTests.swift */ = {isa = PBXFileReference; lastKnownFileType = sourcecode.swift; path = MetronomePresetTests.swift; sourceTree = "<group>"; };
		B0000000000000000000000B /* GeoPractice.app */ = {isa = PBXFileReference; explicitFileType = wrapper.application; includeInIndex = 0; path = GeoPractice.app; sourceTree = BUILT_PRODUCTS_DIR; };
		B0000000000000000000000C /* GeoPracticeTests.xctest */ = {isa = PBXFileReference; explicitFileType = wrapper.cfbundle; includeInIndex = 0; path = GeoPracticeTests.xctest; sourceTree = BUILT_PRODUCTS_DIR; };
		B0000000000000000000000D /* Assets.xcassets */ = {isa = PBXFileReference; lastKnownFileType = folder.assetcatalog; path = Assets.xcassets; sourceTree = "<group>"; };
		B0000000000000000000000E /* PracticeSession.swift */ = {isa = PBXFileReference; lastKnownFileType = sourcecode.swift; path = PracticeSession.swift; sourceTree = "<group>"; };
		B0000000000000000000000F /* PrivacyInfo.xcprivacy */ = {isa = PBXFileReference; lastKnownFileType = text.xml; path = PrivacyInfo.xcprivacy; sourceTree = "<group>"; };
		B00000000000000000000010 /* BeatVisualLifecycle.swift */ = {isa = PBXFileReference; lastKnownFileType = sourcecode.swift; path = BeatVisualLifecycle.swift; sourceTree = "<group>"; };
		B00000000000000000000011 /* LiquidControlComponents.swift */ = {isa = PBXFileReference; lastKnownFileType = sourcecode.swift; path = LiquidControlComponents.swift; sourceTree = "<group>"; };
		B00000000000000000000012 /* BravuraText.otf */ = {isa = PBXFileReference; lastKnownFileType = file; path = Resources/Fonts/BravuraText.otf; sourceTree = "<group>"; };
		B00000000000000000000013 /* PracticePreferences.swift */ = {isa = PBXFileReference; lastKnownFileType = sourcecode.swift; path = PracticePreferences.swift; sourceTree = "<group>"; };
		B00000000000000000000014 /* Info.plist */ = {isa = PBXFileReference; lastKnownFileType = text.plist.xml; path = Info.plist; sourceTree = "<group>"; };
		B00000000000000000000015 /* PracticeAttempt.swift */ = {isa = PBXFileReference; lastKnownFileType = sourcecode.swift; path = PracticeAttempt.swift; sourceTree = "<group>"; };
/* End PBXFileReference section */

/* Begin PBXFrameworksBuildPhase section */
		D00000000000000000000001 /* Frameworks */ = {
			isa = PBXFrameworksBuildPhase;
			buildActionMask = 2147483647;
			files = (
			);
			runOnlyForDeploymentPostprocessing = 0;
		};
		D00000000000000000000004 /* Frameworks */ = {
			isa = PBXFrameworksBuildPhase;
			buildActionMask = 2147483647;
			files = (
			);
			runOnlyForDeploymentPostprocessing = 0;
		};
/* End PBXFrameworksBuildPhase section */

/* Begin PBXGroup section */
		C00000000000000000000000 = {
			isa = PBXGroup;
			children = (
				C00000000000000000000001 /* GeoPractice */,
				C00000000000000000000005 /* GeoPracticeTests */,
				C00000000000000000000006 /* Products */,
			);
			sourceTree = "<group>";
		};
		C00000000000000000000001 /* GeoPractice */ = {
			isa = PBXGroup;
			children = (
				B00000000000000000000001 /* GeoPracticeApp.swift */,
				B00000000000000000000014 /* Info.plist */,
				B0000000000000000000000D /* Assets.xcassets */,
				B0000000000000000000000F /* PrivacyInfo.xcprivacy */,
				B00000000000000000000012 /* BravuraText.otf */,
				C00000000000000000000002 /* Models */,
				C00000000000000000000003 /* Services */,
				C00000000000000000000004 /* Views */,
			);
			path = GeoPractice;
			sourceTree = "<group>";
		};
		C00000000000000000000002 /* Models */ = {
			isa = PBXGroup;
			children = (
				B00000000000000000000010 /* BeatVisualLifecycle.swift */,
				B00000000000000000000002 /* MetronomePreset.swift */,
				B00000000000000000000015 /* PracticeAttempt.swift */,
				B00000000000000000000003 /* PracticeEvent.swift */,
				B00000000000000000000013 /* PracticePreferences.swift */,
				B0000000000000000000000E /* PracticeSession.swift */,
			);
			path = Models;
			sourceTree = "<group>";
		};
		C00000000000000000000003 /* Services */ = {
			isa = PBXGroup;
			children = (
				B00000000000000000000004 /* MetronomeEngine.swift */,
			);
			path = Services;
			sourceTree = "<group>";
		};
		C00000000000000000000004 /* Views */ = {
			isa = PBXGroup;
			children = (
				B00000000000000000000005 /* Components.swift */,
				B00000000000000000000011 /* LiquidControlComponents.swift */,
				B00000000000000000000006 /* RootView.swift */,
				B00000000000000000000007 /* MetronomeView.swift */,
				B00000000000000000000008 /* PracticeEventsView.swift */,
				B00000000000000000000009 /* EventEditorView.swift */,
			);
			path = Views;
			sourceTree = "<group>";
		};
		C00000000000000000000005 /* GeoPracticeTests */ = {
			isa = PBXGroup;
			children = (
				B0000000000000000000000A /* MetronomePresetTests.swift */,
			);
			path = GeoPracticeTests;
			sourceTree = "<group>";
		};
		C00000000000000000000006 /* Products */ = {
			isa = PBXGroup;
			children = (
				B0000000000000000000000B /* GeoPractice.app */,
				B0000000000000000000000C /* GeoPracticeTests.xctest */,
			);
			name = Products;
			sourceTree = "<group>";
		};
/* End PBXGroup section */

/* Begin PBXNativeTarget section */
		E00000000000000000000001 /* GeoPractice */ = {
			isa = PBXNativeTarget;
			buildConfigurationList = F00000000000000000000001 /* Build configuration list for PBXNativeTarget "GeoPractice" */;
			buildPhases = (
				D00000000000000000000000 /* Sources */,
				D00000000000000000000001 /* Frameworks */,
				D00000000000000000000002 /* Resources */,
			);
			buildRules = (
			);
			dependencies = (
			);
			name = GeoPractice;
			packageProductDependencies = (
			);
			productName = GeoPractice;
			productReference = B0000000000000000000000B /* GeoPractice.app */;
			productType = "com.apple.product-type.application";
		};
		E00000000000000000000002 /* GeoPracticeTests */ = {
			isa = PBXNativeTarget;
			buildConfigurationList = F00000000000000000000002 /* Build configuration list for PBXNativeTarget "GeoPracticeTests" */;
			buildPhases = (
				D00000000000000000000003 /* Sources */,
				D00000000000000000000004 /* Frameworks */,
				D00000000000000000000005 /* Resources */,
			);
			buildRules = (
			);
			dependencies = (
				A20000000000000000000001 /* PBXTargetDependency */,
			);
			name = GeoPracticeTests;
			packageProductDependencies = (
			);
			productName = GeoPracticeTests;
			productReference = B0000000000000000000000C /* GeoPracticeTests.xctest */;
			productType = "com.apple.product-type.bundle.unit-test";
		};
/* End PBXNativeTarget section */

/* Begin PBXProject section */
		E00000000000000000000000 /* Project object */ = {
			isa = PBXProject;
			attributes = {
				BuildIndependentTargetsInParallel = 1;
				LastSwiftUpdateCheck = 2660;
				LastUpgradeCheck = 2660;
				TargetAttributes = {
					E00000000000000000000001 = {
						CreatedOnToolsVersion = 26.6;
					};
					E00000000000000000000002 = {
						CreatedOnToolsVersion = 26.6;
						TestTargetID = E00000000000000000000001;
					};
				};
			};
			buildConfigurationList = F00000000000000000000000 /* Build configuration list for PBXProject "GeoPractice" */;
			developmentRegion = zh_Hans;
			hasScannedForEncodings = 0;
			knownRegions = (
				en,
				Base,
				zh_Hans,
			);
			mainGroup = C00000000000000000000000;
			minimizedProjectReferenceProxies = 1;
			preferredProjectObjectVersion = 77;
			productRefGroup = C00000000000000000000006 /* Products */;
			projectDirPath = "";
			projectRoot = "";
			targets = (
				E00000000000000000000001 /* GeoPractice */,
				E00000000000000000000002 /* GeoPracticeTests */,
			);
		};
/* End PBXProject section */

/* Begin PBXResourcesBuildPhase section */
		D00000000000000000000002 /* Resources */ = {
			isa = PBXResourcesBuildPhase;
			buildActionMask = 2147483647;
			files = (
				A0000000000000000000000B /* Assets.xcassets in Resources */,
				A0000000000000000000000D /* PrivacyInfo.xcprivacy in Resources */,
				A00000000000000000000010 /* BravuraText.otf in Resources */,
			);
			runOnlyForDeploymentPostprocessing = 0;
		};
		D00000000000000000000005 /* Resources */ = {
			isa = PBXResourcesBuildPhase;
			buildActionMask = 2147483647;
			files = (
			);
			runOnlyForDeploymentPostprocessing = 0;
		};
/* End PBXResourcesBuildPhase section */

/* Begin PBXSourcesBuildPhase section */
		D00000000000000000000000 /* Sources */ = {
			isa = PBXSourcesBuildPhase;
			buildActionMask = 2147483647;
			files = (
				A00000000000000000000001 /* GeoPracticeApp.swift in Sources */,
				A00000000000000000000002 /* MetronomePreset.swift in Sources */,
				A00000000000000000000003 /* PracticeEvent.swift in Sources */,
				A00000000000000000000004 /* MetronomeEngine.swift in Sources */,
				A00000000000000000000005 /* Components.swift in Sources */,
				A00000000000000000000006 /* RootView.swift in Sources */,
				A00000000000000000000007 /* MetronomeView.swift in Sources */,
				A00000000000000000000008 /* PracticeEventsView.swift in Sources */,
				A00000000000000000000009 /* EventEditorView.swift in Sources */,
				A0000000000000000000000C /* PracticeSession.swift in Sources */,
				A0000000000000000000000E /* BeatVisualLifecycle.swift in Sources */,
				A0000000000000000000000F /* LiquidControlComponents.swift in Sources */,
				A00000000000000000000011 /* PracticePreferences.swift in Sources */,
				A00000000000000000000012 /* PracticeAttempt.swift in Sources */,
			);
			runOnlyForDeploymentPostprocessing = 0;
		};
		D00000000000000000000003 /* Sources */ = {
			isa = PBXSourcesBuildPhase;
			buildActionMask = 2147483647;
			files = (
				A0000000000000000000000A /* MetronomePresetTests.swift in Sources */,
			);
			runOnlyForDeploymentPostprocessing = 0;
		};
/* End PBXSourcesBuildPhase section */

/* Begin PBXTargetDependency section */
		A20000000000000000000001 /* PBXTargetDependency */ = {
			isa = PBXTargetDependency;
			target = E00000000000000000000001 /* GeoPractice */;
			targetProxy = A10000000000000000000001 /* PBXContainerItemProxy */;
		};
/* End PBXTargetDependency section */

/* Begin XCBuildConfiguration section */
		F00000000000000000000003 /* Debug */ = {
			isa = XCBuildConfiguration;
			buildSettings = {
				ALWAYS_SEARCH_USER_PATHS = NO;
				CLANG_ANALYZER_NONNULL = YES;
				CLANG_ANALYZER_NUMBER_OBJECT_CONVERSION = YES_AGGRESSIVE;
				CLANG_CXX_LANGUAGE_STANDARD = "gnu++20";
				CLANG_ENABLE_MODULES = YES;
				CLANG_ENABLE_OBJC_ARC = YES;
				CLANG_ENABLE_OBJC_WEAK = YES;
				CLANG_WARN_BOOL_CONVERSION = YES;
				CLANG_WARN_COMMA = YES;
				CLANG_WARN_CONSTANT_CONVERSION = YES;
				CLANG_WARN_DEPRECATED_OBJC_IMPLEMENTATIONS = YES;
				CLANG_WARN_DIRECT_OBJC_ISA_USAGE = YES_ERROR;
				CLANG_WARN_DOCUMENTATION_COMMENTS = YES;
				CLANG_WARN_EMPTY_BODY = YES;
				CLANG_WARN_ENUM_CONVERSION = YES;
				CLANG_WARN_INFINITE_RECURSION = YES;
				CLANG_WARN_INT_CONVERSION = YES;
				CLANG_WARN_NON_LITERAL_NULL_CONVERSION = YES;
				CLANG_WARN_OBJC_IMPLICIT_RETAIN_SELF = YES;
				CLANG_WARN_OBJC_LITERAL_CONVERSION = YES;
				CLANG_WARN_OBJC_ROOT_CLASS = YES_ERROR;
				CLANG_WARN_QUOTED_INCLUDE_IN_FRAMEWORK_HEADER = YES;
				CLANG_WARN_RANGE_LOOP_ANALYSIS = YES;
				CLANG_WARN_STRICT_PROTOTYPES = YES;
				CLANG_WARN_SUSPICIOUS_MOVE = YES;
				CLANG_WARN_UNGUARDED_AVAILABILITY = YES_AGGRESSIVE;
				CLANG_WARN_UNREACHABLE_CODE = YES;
				CLANG_WARN__DUPLICATE_METHOD_MATCH = YES;
				COPY_PHASE_STRIP = NO;
				DEBUG_INFORMATION_FORMAT = dwarf;
				ENABLE_STRICT_OBJC_MSGSEND = YES;
				ENABLE_TESTABILITY = YES;
				ENABLE_USER_SCRIPT_SANDBOXING = YES;
				GCC_C_LANGUAGE_STANDARD = gnu17;
				GCC_DYNAMIC_NO_PIC = NO;
				GCC_NO_COMMON_BLOCKS = YES;
				GCC_OPTIMIZATION_LEVEL = 0;
				GCC_PREPROCESSOR_DEFINITIONS = (
					"DEBUG=1",
					"$(inherited)",
				);
				GCC_WARN_64_TO_32_BIT_CONVERSION = YES;
				GCC_WARN_ABOUT_RETURN_TYPE = YES_ERROR;
				GCC_WARN_UNDECLARED_SELECTOR = YES;
				GCC_WARN_UNINITIALIZED_AUTOS = YES_AGGRESSIVE;
				GCC_WARN_UNUSED_FUNCTION = YES;
				GCC_WARN_UNUSED_VARIABLE = YES;
				LOCALIZATION_PREFERS_STRING_CATALOGS = YES;
				MTL_ENABLE_DEBUG_INFO = INCLUDE_SOURCE;
				MTL_FAST_MATH = YES;
				ONLY_ACTIVE_ARCH = YES;
				SDKROOT = iphoneos;
				SWIFT_ACTIVE_COMPILATION_CONDITIONS = "DEBUG $(inherited)";
				SWIFT_OPTIMIZATION_LEVEL = "-Onone";
			};
			name = Debug;
		};
		F00000000000000000000004 /* Release */ = {
			isa = XCBuildConfiguration;
			buildSettings = {
				ALWAYS_SEARCH_USER_PATHS = NO;
				CLANG_ANALYZER_NONNULL = YES;
				CLANG_ANALYZER_NUMBER_OBJECT_CONVERSION = YES_AGGRESSIVE;
				CLANG_CXX_LANGUAGE_STANDARD = "gnu++20";
				CLANG_ENABLE_MODULES = YES;
				CLANG_ENABLE_OBJC_ARC = YES;
				CLANG_ENABLE_OBJC_WEAK = YES;
				CLANG_WARN_BOOL_CONVERSION = YES;
				CLANG_WARN_COMMA = YES;
				CLANG_WARN_CONSTANT_CONVERSION = YES;
				CLANG_WARN_DEPRECATED_OBJC_IMPLEMENTATIONS = YES;
				CLANG_WARN_DIRECT_OBJC_ISA_USAGE = YES_ERROR;
				CLANG_WARN_DOCUMENTATION_COMMENTS = YES;
				CLANG_WARN_EMPTY_BODY = YES;
				CLANG_WARN_ENUM_CONVERSION = YES;
				CLANG_WARN_INFINITE_RECURSION = YES;
				CLANG_WARN_INT_CONVERSION = YES;
				CLANG_WARN_NON_LITERAL_NULL_CONVERSION = YES;
				CLANG_WARN_OBJC_IMPLICIT_RETAIN_SELF = YES;
				CLANG_WARN_OBJC_LITERAL_CONVERSION = YES;
				CLANG_WARN_OBJC_ROOT_CLASS = YES_ERROR;
				CLANG_WARN_QUOTED_INCLUDE_IN_FRAMEWORK_HEADER = YES;
				CLANG_WARN_RANGE_LOOP_ANALYSIS = YES;
				CLANG_WARN_STRICT_PROTOTYPES = YES;
				CLANG_WARN_SUSPICIOUS_MOVE = YES;
				CLANG_WARN_UNGUARDED_AVAILABILITY = YES_AGGRESSIVE;
				CLANG_WARN_UNREACHABLE_CODE = YES;
				CLANG_WARN__DUPLICATE_METHOD_MATCH = YES;
				COPY_PHASE_STRIP = NO;
				DEBUG_INFORMATION_FORMAT = "dwarf-with-dsym";
				ENABLE_NS_ASSERTIONS = NO;
				ENABLE_STRICT_OBJC_MSGSEND = YES;
				ENABLE_USER_SCRIPT_SANDBOXING = YES;
				GCC_C_LANGUAGE_STANDARD = gnu17;
				GCC_NO_COMMON_BLOCKS = YES;
				GCC_WARN_64_TO_32_BIT_CONVERSION = YES;
				GCC_WARN_ABOUT_RETURN_TYPE = YES_ERROR;
				GCC_WARN_UNDECLARED_SELECTOR = YES;
				GCC_WARN_UNINITIALIZED_AUTOS = YES_AGGRESSIVE;
				GCC_WARN_UNUSED_FUNCTION = YES;
				GCC_WARN_UNUSED_VARIABLE = YES;
				LOCALIZATION_PREFERS_STRING_CATALOGS = YES;
				MTL_ENABLE_DEBUG_INFO = NO;
				MTL_FAST_MATH = YES;
				SDKROOT = iphoneos;
				SWIFT_COMPILATION_MODE = wholemodule;
				VALIDATE_PRODUCT = YES;
			};
			name = Release;
		};
		F00000000000000000000005 /* Debug */ = {
			isa = XCBuildConfiguration;
			buildSettings = {
				ASSETCATALOG_COMPILER_APPICON_NAME = AppIcon;
				CODE_SIGN_STYLE = Automatic;
				CURRENT_PROJECT_VERSION = 2;
				DEVELOPMENT_TEAM = XKY44WW2XC;
				GENERATE_INFOPLIST_FILE = YES;
				INFOPLIST_FILE = GeoPractice/Info.plist;
				INFOPLIST_KEY_CFBundleDisplayName = "节拍打卡";
				INFOPLIST_KEY_ITSAppUsesNonExemptEncryption = NO;
				INFOPLIST_KEY_LSApplicationCategoryType = "public.app-category.music";
				INFOPLIST_KEY_UIApplicationSceneManifest_Generation = YES;
				INFOPLIST_KEY_UIApplicationSupportsIndirectInputEvents = YES;
				INFOPLIST_KEY_UILaunchScreen_Generation = YES;
				INFOPLIST_KEY_UIRequiresFullScreen = NO;
				INFOPLIST_KEY_UISupportedInterfaceOrientations = "UIInterfaceOrientationPortrait UIInterfaceOrientationPortraitUpsideDown UIInterfaceOrientationLandscapeLeft UIInterfaceOrientationLandscapeRight";
				IPHONEOS_DEPLOYMENT_TARGET = 17.0;
				MARKETING_VERSION = 4.1;
				PRODUCT_BUNDLE_IDENTIFIER = com.kuoxiyu.GeoPractice;
				PRODUCT_NAME = "$(TARGET_NAME)";
				SUPPORTED_PLATFORMS = "iphoneos iphonesimulator";
				SUPPORTS_MACCATALYST = NO;
				SWIFT_EMIT_LOC_STRINGS = YES;
				SWIFT_VERSION = 5.0;
				TARGETED_DEVICE_FAMILY = "1,2";
			};
			name = Debug;
		};
		F00000000000000000000006 /* Release */ = {
			isa = XCBuildConfiguration;
			buildSettings = {
				ASSETCATALOG_COMPILER_APPICON_NAME = AppIcon;
				CODE_SIGN_STYLE = Automatic;
				CURRENT_PROJECT_VERSION = 2;
				DEVELOPMENT_TEAM = XKY44WW2XC;
				GENERATE_INFOPLIST_FILE = YES;
				INFOPLIST_FILE = GeoPractice/Info.plist;
				INFOPLIST_KEY_CFBundleDisplayName = "节拍打卡";
				INFOPLIST_KEY_ITSAppUsesNonExemptEncryption = NO;
				INFOPLIST_KEY_LSApplicationCategoryType = "public.app-category.music";
				INFOPLIST_KEY_UIApplicationSceneManifest_Generation = YES;
				INFOPLIST_KEY_UIApplicationSupportsIndirectInputEvents = YES;
				INFOPLIST_KEY_UILaunchScreen_Generation = YES;
				INFOPLIST_KEY_UIRequiresFullScreen = NO;
				INFOPLIST_KEY_UISupportedInterfaceOrientations = "UIInterfaceOrientationPortrait UIInterfaceOrientationPortraitUpsideDown UIInterfaceOrientationLandscapeLeft UIInterfaceOrientationLandscapeRight";
				IPHONEOS_DEPLOYMENT_TARGET = 17.0;
				MARKETING_VERSION = 4.1;
				PRODUCT_BUNDLE_IDENTIFIER = com.kuoxiyu.GeoPractice;
				PRODUCT_NAME = "$(TARGET_NAME)";
				SUPPORTED_PLATFORMS = "iphoneos iphonesimulator";
				SUPPORTS_MACCATALYST = NO;
				SWIFT_ACTIVE_COMPILATION_CONDITIONS = "CUSTOMER_PREVIEW $(inherited)";
				SWIFT_EMIT_LOC_STRINGS = YES;
				SWIFT_VERSION = 5.0;
				TARGETED_DEVICE_FAMILY = "1,2";
			};
			name = Release;
		};
		F00000000000000000000007 /* Debug */ = {
			isa = XCBuildConfiguration;
			buildSettings = {
				BUNDLE_LOADER = "$(TEST_HOST)";
				CODE_SIGN_STYLE = Automatic;
				CURRENT_PROJECT_VERSION = 1;
				GENERATE_INFOPLIST_FILE = YES;
				IPHONEOS_DEPLOYMENT_TARGET = 17.0;
				MARKETING_VERSION = 4.1;
				PRODUCT_BUNDLE_IDENTIFIER = com.kuoxiyu.GeoPracticeTests;
				PRODUCT_NAME = "$(TARGET_NAME)";
				SWIFT_VERSION = 5.0;
				TARGETED_DEVICE_FAMILY = "1,2";
				TEST_HOST = "$(BUILT_PRODUCTS_DIR)/GeoPractice.app/$(BUNDLE_EXECUTABLE_FOLDER_PATH)/GeoPractice";
			};
			name = Debug;
		};
		F00000000000000000000008 /* Release */ = {
			isa = XCBuildConfiguration;
			buildSettings = {
				BUNDLE_LOADER = "$(TEST_HOST)";
				CODE_SIGN_STYLE = Automatic;
				CURRENT_PROJECT_VERSION = 1;
				GENERATE_INFOPLIST_FILE = YES;
				IPHONEOS_DEPLOYMENT_TARGET = 17.0;
				MARKETING_VERSION = 4.1;
				PRODUCT_BUNDLE_IDENTIFIER = com.kuoxiyu.GeoPracticeTests;
				PRODUCT_NAME = "$(TARGET_NAME)";
				SWIFT_VERSION = 5.0;
				TARGETED_DEVICE_FAMILY = "1,2";
				TEST_HOST = "$(BUILT_PRODUCTS_DIR)/GeoPractice.app/$(BUNDLE_EXECUTABLE_FOLDER_PATH)/GeoPractice";
			};
			name = Release;
		};
/* End XCBuildConfiguration section */

/* Begin XCConfigurationList section */
		F00000000000000000000000 /* Build configuration list for PBXProject "GeoPractice" */ = {
			isa = XCConfigurationList;
			buildConfigurations = (
				F00000000000000000000003 /* Debug */,
				F00000000000000000000004 /* Release */,
			);
			defaultConfigurationIsVisible = 0;
			defaultConfigurationName = Release;
		};
		F00000000000000000000001 /* Build configuration list for PBXNativeTarget "GeoPractice" */ = {
			isa = XCConfigurationList;
			buildConfigurations = (
				F00000000000000000000005 /* Debug */,
				F00000000000000000000006 /* Release */,
			);
			defaultConfigurationIsVisible = 0;
			defaultConfigurationName = Release;
		};
		F00000000000000000000002 /* Build configuration list for PBXNativeTarget "GeoPracticeTests" */ = {
			isa = XCConfigurationList;
			buildConfigurations = (
				F00000000000000000000007 /* Debug */,
				F00000000000000000000008 /* Release */,
			);
			defaultConfigurationIsVisible = 0;
			defaultConfigurationName = Release;
		};
/* End XCConfigurationList section */
	};
	rootObject = E00000000000000000000000 /* Project object */;
}
